// !$*UTF8*$!
{
	archiveVersion = 1;
	classes = {
	};
	objectVersion = 56;
	objects = {

/* Begin PBXBuildFile section */
		E2997B8829CB4029008530A1 /* OAKS_s_lab_LockScreen_WidgetApp.swift in Sources */ = {isa = PBXBuildFile; fileRef = E2997B8729CB4029008530A1 /* OAKS_s_lab_LockScreen_WidgetApp.swift */; };
		E2997B8A29CB4029008530A1 /* ContentView.swift in Sources */ = {isa = PBXBuildFile; fileRef = E2997B8929CB4029008530A1 /* ContentView.swift */; };
		E2997B8C29CB402A008530A1 /* Assets.xcassets in Resources */ = {isa = PBXBuildFile; fileRef = E2997B8B29CB402A008530A1 /* Assets.xcassets */; };
		E2997B8F29CB402A008530A1 /* Preview Assets.xcassets in Resources */ = {isa = PBXBuildFile; fileRef = E2997B8E29CB402A008530A1 /* Preview Assets.xcassets */; };
		E2997B9C29CB41E6008530A1 /* WidgetKit.framework in Frameworks */ = {isa = PBXBuildFile; fileRef = E2997B9B29CB41E6008530A1 /* WidgetKit.framework */; };
		E2997B9E29CB41E6008530A1 /* SwiftUI.framework in Frameworks */ = {isa = PBXBuildFile; fileRef = E2997B9D29CB41E6008530A1 /* SwiftUI.framework */; };
		E2997BA129CB41E7008530A1 /* Lockscreen_WidgetsBundle.swift in Sources */ = {isa = PBXBuildFile; fileRef = E2997BA029CB41E7008530A1 /* Lockscreen_WidgetsBundle.swift */; };
		E2997BA329CB41E7008530A1 /* Lockscreen_WidgetsLiveActivity.swift in Sources */ = {isa = PBXBuildFile; fileRef = E2997BA229CB41E7008530A1 /* Lockscreen_WidgetsLiveActivity.swift */; };
		E2997BA529CB41E7008530A1 /* Lockscreen_Widgets.swift in Sources */ = {isa = PBXBuildFile; fileRef = E2997BA429CB41E7008530A1 /* Lockscreen_Widgets.swift */; };
		E2997BA729CB41ED008530A1 /* Assets.xcassets in Resources */ = {isa = PBXBuildFile; fileRef = E2997BA629CB41ED008530A1 /* Assets.xcassets */; };
		E2997BAB29CB41ED008530A1 /* Lockscreen WidgetsExtension.appex in Embed Foundation Extensions */ = {isa = PBXBuildFile; fileRef = E2997B9929CB41E6008530A1 /* Lockscreen WidgetsExtension.appex */; settings = {ATTRIBUTES = (RemoveHeadersOnCopy, ); }; };
/* End PBXBuildFile section */

/* Begin PBXContainerItemProxy section */
		E2997BA929CB41ED008530A1 /* PBXContainerItemProxy */ = {
			isa = PBXContainerItemProxy;
			containerPortal = E2997B7C29CB4029008530A1 /* Project object */;
			proxyType = 1;
			remoteGlobalIDString = E2997B9829CB41E6008530A1;
			remoteInfo = "Lockscreen WidgetsExtension";
		};
/* End PBXContainerItemProxy section */

/* Begin PBXCopyFilesBuildPhase section */
		E2997BAF29CB41ED008530A1 /* Embed Foundation Extensions */ = {
			isa = PBXCopyFilesBuildPhase;
			buildActionMask = 2147483647;
			dstPath = "";
			dstSubfolderSpec = 13;
			files = (
				E2997BAB29CB41ED008530A1 /* Lockscreen WidgetsExtension.appex in Embed Foundation Extensions */,
			);
			name = "Embed Foundation Extensions";
			runOnlyForDeploymentPostprocessing = 0;
		};
/* End PBXCopyFilesBuildPhase section */

/* Begin PBXFileReference section */
		E2997B8429CB4029008530A1 /* OAKS's lab LockScreen Widget.app */ = {isa = PBXFileReference; explicitFileType = wrapper.application; includeInIndex = 0; path = "OAKS's lab LockScreen Widget.app"; sourceTree = BUILT_PRODUCTS_DIR; };
		E2997B8729CB4029008530A1 /* OAKS_s_lab_LockScreen_WidgetApp.swift */ = {isa = PBXFileReference; lastKnownFileType = sourcecode.swift; path = OAKS_s_lab_LockScreen_WidgetApp.swift; sourceTree = "<group>"; };
		E2997B8929CB4029008530A1 /* ContentView.swift */ = {isa = PBXFileReference; lastKnownFileType = sourcecode.swift; path = ContentView.swift; sourceTree = "<group>"; };
		E2997B8B29CB402A008530A1 /* Assets.xcassets */ = {isa = PBXFileReference; lastKnownFileType = folder.assetcatalog; path = Assets.xcassets; sourceTree = "<group>"; };
		E2997B8E29CB402A008530A1 /* Preview Assets.xcassets */ = {isa = PBXFileReference; lastKnownFileType = folder.assetcatalog; path = "Preview Assets.xcassets"; sourceTree = "<group>"; };
		E2997B9929CB41E6008530A1 /* Lockscreen WidgetsExtension.appex */ = {isa = PBXFileReference; explicitFileType = "wrapper.app-extension"; includeInIndex = 0; path = "Lockscreen WidgetsExtension.appex"; sourceTree = BUILT_PRODUCTS_DIR; };
		E2997B9B29CB41E6008530A1 /* WidgetKit.framework */ = {isa = PBXFileReference; lastKnownFileType = wrapper.framework; name = WidgetKit.framework; path = System/Library/Frameworks/WidgetKit.framework; sourceTree = SDKROOT; };
		E2997B9D29CB41E6008530A1 /* SwiftUI.framework */ = {isa = PBXFileReference; lastKnownFileType = wrapper.framework; name = SwiftUI.framework; path = System/Library/Frameworks/SwiftUI.framework; sourceTree = SDKROOT; };
		E2997BA029CB41E7008530A1 /* Lockscreen_WidgetsBundle.swift */ = {isa = PBXFileReference; lastKnownFileType = sourcecode.swift; path = Lockscreen_WidgetsBundle.swift; sourceTree = "<group>"; };
		E2997BA229CB41E7008530A1 /* Lockscreen_WidgetsLiveActivity.swift */ = {isa = PBXFileReference; lastKnownFileType = sourcecode.swift; path = Lockscreen_WidgetsLiveActivity.swift; sourceTree = "<group>"; };
		E2997BA429CB41E7008530A1 /* Lockscreen_Widgets.swift */ = {isa = PBXFileReference; lastKnownFileType = sourcecode.swift; path = Lockscreen_Widgets.swift; sourceTree = "<group>"; };
		E2997BA629CB41ED008530A1 /* Assets.xcassets */ = {isa = PBXFileReference; lastKnownFileType = folder.assetcatalog; path = Assets.xcassets; sourceTree = "<group>"; };
		E2997BA829CB41ED008530A1 /* Info.plist */ = {isa = PBXFileReference; lastKnownFileType = text.plist.xml; path = Info.plist; sourceTree = "<group>"; };
/* End PBXFileReference section */

/* Begin PBXFrameworksBuildPhase section */
		E2997B8129CB4029008530A1 /* Frameworks */ = {
			isa = PBXFrameworksBuildPhase;
			buildActionMask = 2147483647;
			files = (
			);
			runOnlyForDeploymentPostprocessing = 0;
		};
		E2997B9629CB41E6008530A1 /* Frameworks */ = {
			isa = PBXFrameworksBuildPhase;
			buildActionMask = 2147483647;
			files = (
				E2997B9E29CB41E6008530A1 /* SwiftUI.framework in Frameworks */,
				E2997B9C29CB41E6008530A1 /* WidgetKit.framework in Frameworks */,
			);
			runOnlyForDeploymentPostprocessing = 0;
		};
/* End PBXFrameworksBuildPhase section */

/* Begin PBXGroup section */
		E2997B7B29CB4029008530A1 = {
			isa = PBXGroup;
			children = (
				E2997B8629CB4029008530A1 /* OAKS's lab LockScreen Widget */,
				E2997B9F29CB41E7008530A1 /* Lockscreen Widgets */,
				E2997B9A29CB41E6008530A1 /* Frameworks */,
				E2997B8529CB4029008530A1 /* Products */,
			);
			sourceTree = "<group>";
		};
		E2997B8529CB4029008530A1 /* Products */ = {
			isa = PBXGroup;
			children = (
				E2997B8429CB4029008530A1 /* OAKS's lab LockScreen Widget.app */,
				E2997B9929CB41E6008530A1 /* Lockscreen WidgetsExtension.appex */,
			);
			name = Products;
			sourceTree = "<group>";
		};
		E2997B8629CB4029008530A1 /* OAKS's lab LockScreen Widget */ = {
			isa = PBXGroup;
			children = (
				E2997B8729CB4029008530A1 /* OAKS_s_lab_LockScreen_WidgetApp.swift */,
				E2997B8929CB4029008530A1 /* ContentView.swift */,
				E2997B8B29CB402A008530A1 /* Assets.xcassets */,
				E2997B8D29CB402A008530A1 /* Preview Content */,
			);
			path = "OAKS's lab LockScreen Widget";
			sourceTree = "<group>";
		};
		E2997B8D29CB402A008530A1 /* Preview Content */ = {
			isa = PBXGroup;
			children = (
				E2997B8E29CB402A008530A1 /* Preview Assets.xcassets */,
			);
			path = "Preview Content";
			sourceTree = "<group>";
		};
		E2997B9A29CB41E6008530A1 /* Frameworks */ = {
			isa = PBXGroup;
			children = (
				E2997B9B29CB41E6008530A1 /* WidgetKit.framework */,
				E2997B9D29CB41E6008530A1 /* SwiftUI.framework */,
			);
			name = Frameworks;
			sourceTree = "<group>";
		};
		E2997B9F29CB41E7008530A1 /* Lockscreen Widgets */ = {
			isa = PBXGroup;
			children = (
				E2997BA029CB41E7008530A1 /* Lockscreen_WidgetsBundle.swift */,
				E2997BA229CB41E7008530A1 /* Lockscreen_WidgetsLiveActivity.swift */,
				E2997BA429CB41E7008530A1 /* Lockscreen_Widgets.swift */,
				E2997BA629CB41ED008530A1 /* Assets.xcassets */,
				E2997BA829CB41ED008530A1 /* Info.plist */,
			);
			path = "Lockscreen Widgets";
			sourceTree = "<group>";
		};
/* End PBXGroup section */

/* Begin PBXNativeTarget section */
		E2997B8329CB4029008530A1 /* OAKS's lab LockScreen Widget */ = {
			isa = PBXNativeTarget;
			buildConfigurationList = E2997B9229CB402A008530A1 /* Build configuration list for PBXNativeTarget "OAKS's lab LockScreen Widget" */;
			buildPhases = (
				E2997B8029CB4029008530A1 /* Sources */,
				E2997B8129CB4029008530A1 /* Frameworks */,
				E2997B8229CB4029008530A1 /* Resources */,
				E2997BAF29CB41ED008530A1 /* Embed Foundation Extensions */,
			);
			buildRules = (
			);
			dependencies = (
				E2997BAA29CB41ED008530A1 /* PBXTargetDependency */,
			);
			name = "OAKS's lab LockScreen Widget";
			productName = "OAKS's lab LockScreen Widget";
			productReference = E2997B8429CB4029008530A1 /* OAKS's lab LockScreen Widget.app */;
			productType = "com.apple.product-type.application";
		};
		E2997B9829CB41E6008530A1 /* Lockscreen WidgetsExtension */ = {
			isa = PBXNativeTarget;
			buildConfigurationList = E2997BAC29CB41ED008530A1 /* Build configuration list for PBXNativeTarget "Lockscreen WidgetsExtension" */;
			buildPhases = (
				E2997B9529CB41E6008530A1 /* Sources */,
				E2997B9629CB41E6008530A1 /* Frameworks */,
				E2997B9729CB41E6008530A1 /* Resources */,
			);
			buildRules = (
			);
			dependencies = (
			);
			name = "Lockscreen WidgetsExtension";
			productName = "Lockscreen WidgetsExtension";
			productReference = E2997B9929CB41E6008530A1 /* Lockscreen WidgetsExtension.appex */;
			productType = "com.apple.product-type.app-extension";
		};
/* End PBXNativeTarget section */

/* Begin PBXProject section */
		E2997B7C29CB4029008530A1 /* Project object */ = {
			isa = PBXProject;
			attributes = {
				BuildIndependentTargetsInParallel = 1;
				LastSwiftUpdateCheck = 1420;
				LastUpgradeCheck = 1420;
				TargetAttributes = {
					E2997B8329CB4029008530A1 = {
						CreatedOnToolsVersion = 14.2;
					};
					E2997B9829CB41E6008530A1 = {
						CreatedOnToolsVersion = 14.2;
					};
				};
			};
			buildConfigurationList = E2997B7F29CB4029008530A1 /* Build configuration list for PBXProject "OAKS's lab LockScreen Widget" */;
			compatibilityVersion = "Xcode 14.0";
			developmentRegion = en;
			hasScannedForEncodings = 0;
			knownRegions = (
				en,
				Base,
			);
			mainGroup = E2997B7B29CB4029008530A1;
			productRefGroup = E2997B8529CB4029008530A1 /* Products */;
			projectDirPath = "";
			projectRoot = "";
			targets = (
				E2997B8329CB4029008530A1 /* OAKS's lab LockScreen Widget */,
				E2997B9829CB41E6008530A1 /* Lockscreen WidgetsExtension */,
			);
		};
/* End PBXProject section */

/* Begin PBXResourcesBuildPhase section */
		E2997B8229CB4029008530A1 /* Resources */ = {
			isa = PBXResourcesBuildPhase;
			buildActionMask = 2147483647;
			files = (
				E2997B8F29CB402A008530A1 /* Preview Assets.xcassets in Resources */,
				E2997B8C29CB402A008530A1 /* Assets.xcassets in Resources */,
			);
			runOnlyForDeploymentPostprocessing = 0;
		};
		E2997B9729CB41E6008530A1 /* Resources */ = {
			isa = PBXResourcesBuildPhase;
			buildActionMask = 2147483647;
			files = (
				E2997BA729CB41ED008530A1 /* Assets.xcassets in Resources */,
			);
			runOnlyForDeploymentPostprocessing = 0;
		};
/* End PBXResourcesBuildPhase section */

/* Begin PBXSourcesBuildPhase section */
		E2997B8029CB4029008530A1 /* Sources */ = {
			isa = PBXSourcesBuildPhase;
			buildActionMask = 2147483647;
			files = (
				E2997B8A29CB4029008530A1 /* ContentView.swift in Sources */,
				E2997B8829CB4029008530A1 /* OAKS_s_lab_LockScreen_WidgetApp.swift in Sources */,
			);
			runOnlyForDeploymentPostprocessing = 0;
		};
		E2997B9529CB41E6008530A1 /* Sources */ = {
			isa = PBXSourcesBuildPhase;
			buildActionMask = 2147483647;
			files = (
				E2997BA129CB41E7008530A1 /* Lockscreen_WidgetsBundle.swift in Sources */,
				E2997BA529CB41E7008530A1 /* Lockscreen_Widgets.swift in Sources */,
				E2997BA329CB41E7008530A1 /* Lockscreen_WidgetsLiveActivity.swift in Sources */,
			);
			runOnlyForDeploymentPostprocessing = 0;
		};
/* End PBXSourcesBuildPhase section */

/* Begin PBXTargetDependency section */
		E2997BAA29CB41ED008530A1 /* PBXTargetDependency */ = {
			isa = PBXTargetDependency;
			target = E2997B9829CB41E6008530A1 /* Lockscreen WidgetsExtension */;
			targetProxy = E2997BA929CB41ED008530A1 /* PBXContainerItemProxy */;
		};
/* End PBXTargetDependency section */

/* Begin XCBuildConfiguration section */
		E2997B9029CB402A008530A1 /* Debug */ = {
			isa = XCBuildConfiguration;
			buildSettings = {
				ALWAYS_SEARCH_USER_PATHS = NO;
				CLANG_ANALYZER_NONNULL = YES;
				CLANG_ANALYZER_NUMBER_OBJECT_CONVERSION = YES_AGGRESSIVE;
				CLANG_CXX_LANGUAGE_STANDARD = "gnu++20";
				CLANG_ENABLE_MODULES = YES;
				CLANG_ENABLE_OBJC_ARC = YES;
				CLANG_ENABLE_OBJC_WEAK = YES;
				CLANG_WARN_BLOCK_CAPTURE_AUTORELEASING = YES;
				CLANG_WARN_BOOL_CONVERSION = YES;
				CLANG_WARN_COMMA = YES;
				CLANG_WARN_CONSTANT_CONVERSION = YES;
				CLANG_WARN_DEPRECATED_OBJC_IMPLEMENTATIONS = YES;
				CLANG_WARN_DIRECT_OBJC_ISA_USAGE = YES_ERROR;
				CLANG_WARN_DOCUMENTATION_COMMENTS = YES;
				CLANG_WARN_EMPTY_BODY = YES;
				CLANG_WARN_ENUM_CONVERSION = YES;
				CLANG_WARN_INFINITE_RECURSION = YES;
				CLANG_WARN_INT_CONVERSION = YES;
				CLANG_WARN_NON_LITERAL_NULL_CONVERSION = YES;
				CLANG_WARN_OBJC_IMPLICIT_RETAIN_SELF = YES;
				CLANG_WARN_OBJC_LITERAL_CONVERSION = YES;
				CLANG_WARN_OBJC_ROOT_CLASS = YES_ERROR;
				CLANG_WARN_QUOTED_INCLUDE_IN_FRAMEWORK_HEADER = YES;
				CLANG_WARN_RANGE_LOOP_ANALYSIS = YES;
				CLANG_WARN_STRICT_PROTOTYPES = YES;
				CLANG_WARN_SUSPICIOUS_MOVE = YES;
				CLANG_WARN_UNGUARDED_AVAILABILITY = YES_AGGRESSIVE;
				CLANG_WARN_UNREACHABLE_CODE = YES;
				CLANG_WARN__DUPLICATE_METHOD_MATCH = YES;
				COPY_PHASE_STRIP = NO;
				DEBUG_INFORMATION_FORMAT = dwarf;
				ENABLE_STRICT_OBJC_MSGSEND = YES;
				ENABLE_TESTABILITY = YES;
				GCC_C_LANGUAGE_STANDARD = gnu11;
				GCC_DYNAMIC_NO_PIC = NO;
				GCC_NO_COMMON_BLOCKS = YES;
				GCC_OPTIMIZATION_LEVEL = 0;
				GCC_PREPROCESSOR_DEFINITIONS = (
					"DEBUG=1",
					"$(inherited)",
				);
				GCC_WARN_64_TO_32_BIT_CONVERSION = YES;
				GCC_WARN_ABOUT_RETURN_TYPE = YES_ERROR;
				GCC_WARN_UNDECLARED_SELECTOR = YES;
				GCC_WARN_UNINITIALIZED_AUTOS = YES_AGGRESSIVE;
				GCC_WARN_UNUSED_FUNCTION = YES;
				GCC_WARN_UNUSED_VARIABLE = YES;
				IPHONEOS_DEPLOYMENT_TARGET = 16.2;
				MTL_ENABLE_DEBUG_INFO = INCLUDE_SOURCE;
				MTL_FAST_MATH = YES;
				ONLY_ACTIVE_ARCH = YES;
				SDKROOT = iphoneos;
				SWIFT_ACTIVE_COMPILATION_CONDITIONS = DEBUG;
				SWIFT_OPTIMIZATION_LEVEL = "-Onone";
			};
			name = Debug;
		};
		E2997B9129CB402A008530A1 /* Release */ = {
			isa = XCBuildConfiguration;
			buildSettings = {
				ALWAYS_SEARCH_USER_PATHS = NO;
				CLANG_ANALYZER_NONNULL = YES;
				CLANG_ANALYZER_NUMBER_OBJECT_CONVERSION = YES_AGGRESSIVE;
				CLANG_CXX_LANGUAGE_STANDARD = "gnu++20";
				CLANG_ENABLE_MODULES = YES;
				CLANG_ENABLE_OBJC_ARC = YES;
				CLANG_ENABLE_OBJC_WEAK = YES;
				CLANG_WARN_BLOCK_CAPTURE_AUTORELEASING = YES;
				CLANG_WARN_BOOL_CONVERSION = YES;
				CLANG_WARN_COMMA = YES;
				CLANG_WARN_CONSTANT_CONVERSION = YES;
				CLANG_WARN_DEPRECATED_OBJC_IMPLEMENTATIONS = YES;
				CLANG_WARN_DIRECT_OBJC_ISA_USAGE = YES_ERROR;
				CLANG_WARN_DOCUMENTATION_COMMENTS = YES;
				CLANG_WARN_EMPTY_BODY = YES;
				CLANG_WARN_ENUM_CONVERSION = YES;
				CLANG_WARN_INFINITE_RECURSION = YES;
				CLANG_WARN_INT_CONVERSION = YES;
				CLANG_WARN_NON_LITERAL_NULL_CONVERSION = YES;
				CLANG_WARN_OBJC_IMPLICIT_RETAIN_SELF = YES;
				CLANG_WARN_OBJC_LITERAL_CONVERSION = YES;
				CLANG_WARN_OBJC_ROOT_CLASS = YES_ERROR;
				CLANG_WARN_QUOTED_INCLUDE_IN_FRAMEWORK_HEADER = YES;
				CLANG_WARN_RANGE_LOOP_ANALYSIS = YES;
				CLANG_WARN_STRICT_PROTOTYPES = YES;
				CLANG_WARN_SUSPICIOUS_MOVE = YES;
				CLANG_WARN_UNGUARDED_AVAILABILITY = YES_AGGRESSIVE;
				CLANG_WARN_UNREACHABLE_CODE = YES;
				CLANG_WARN__DUPLICATE_METHOD_MATCH = YES;
				COPY_PHASE_STRIP = NO;
				DEBUG_INFORMATION_FORMAT = "dwarf-with-dsym";
				ENABLE_NS_ASSERTIONS = NO;
				ENABLE_STRICT_OBJC_MSGSEND = YES;
				GCC_C_LANGUAGE_STANDARD = gnu11;
				GCC_NO_COMMON_BLOCKS = YES;
				GCC_WARN_64_TO_32_BIT_CONVERSION = YES;
				GCC_WARN_ABOUT_RETURN_TYPE = YES_ERROR;
				GCC_WARN_UNDECLARED_SELECTOR = YES;
				GCC_WARN_UNINITIALIZED_AUTOS = YES_AGGRESSIVE;
				GCC_WARN_UNUSED_FUNCTION = YES;
				GCC_WARN_UNUSED_VARIABLE = YES;
				IPHONEOS_DEPLOYMENT_TARGET = 16.2;
				MTL_ENABLE_DEBUG_INFO = NO;
				MTL_FAST_MATH = YES;
				SDKROOT = iphoneos;
				SWIFT_COMPILATION_MODE = wholemodule;
				SWIFT_OPTIMIZATION_LEVEL = "-O";
				VALIDATE_PRODUCT = YES;
			};
			name = Release;
		};
		E2997B9329CB402A008530A1 /* Debug */ = {
			isa = XCBuildConfiguration;
			buildSettings = {
				ALWAYS_EMBED_SWIFT_STANDARD_LIBRARIES = YES;
				ASSETCATALOG_COMPILER_APPICON_NAME = AppIcon;
				ASSETCATALOG_COMPILER_GLOBAL_ACCENT_COLOR_NAME = AccentColor;
				CODE_SIGN_STYLE = Automatic;
				CURRENT_PROJECT_VERSION = 1;
				DEVELOPMENT_ASSET_PATHS = "\"OAKS's lab LockScreen Widget/Preview Content\"";
				DEVELOPMENT_TEAM = 3T86NHD7J5;
				ENABLE_PREVIEWS = YES;
				GENERATE_INFOPLIST_FILE = YES;
				INFOPLIST_KEY_UIApplicationSceneManifest_Generation = YES;
				INFOPLIST_KEY_UIApplicationSupportsIndirectInputEvents = YES;
				INFOPLIST_KEY_UILaunchScreen_Generation = YES;
				INFOPLIST_KEY_UISupportedInterfaceOrientations_iPad = "UIInterfaceOrientationPortrait UIInterfaceOrientationPortraitUpsideDown UIInterfaceOrientationLandscapeLeft UIInterfaceOrientationLandscapeRight";
				INFOPLIST_KEY_UISupportedInterfaceOrientations_iPhone = "UIInterfaceOrientationPortrait UIInterfaceOrientationLandscapeLeft UIInterfaceOrientationLandscapeRight";
				LD_RUNPATH_SEARCH_PATHS = (
					"$(inherited)",
					"@executable_path/Frameworks",
				);
				MARKETING_VERSION = 1.0;
				PRODUCT_BUNDLE_IDENTIFIER = "com.tomashrncir.OAKS-s-lab-LockScreen-Widget";
				PRODUCT_NAME = "$(TARGET_NAME)";
				SWIFT_EMIT_LOC_STRINGS = YES;
				SWIFT_VERSION = 5.0;
				TARGETED_DEVICE_FAMILY = "1,2";
			};
			name = Debug;
		};
		E2997B9429CB402A008530A1 /* Release */ = {
			isa = XCBuildConfiguration;
			buildSettings = {
				ALWAYS_EMBED_SWIFT_STANDARD_LIBRARIES = YES;
				ASSETCATALOG_COMPILER_APPICON_NAME = AppIcon;
				ASSETCATALOG_COMPILER_GLOBAL_ACCENT_COLOR_NAME = AccentColor;
				CODE_SIGN_STYLE = Automatic;
				CURRENT_PROJECT_VERSION = 1;
				DEVELOPMENT_ASSET_PATHS = "\"OAKS's lab LockScreen Widget/Preview Content\"";
				DEVELOPMENT_TEAM = 3T86NHD7J5;
				ENABLE_PREVIEWS = YES;
				GENERATE_INFOPLIST_FILE = YES;
				INFOPLIST_KEY_UIApplicationSceneManifest_Generation = YES;
				INFOPLIST_KEY_UIApplicationSupportsIndirectInputEvents = YES;
				INFOPLIST_KEY_UILaunchScreen_Generation = YES;
				INFOPLIST_KEY_UISupportedInterfaceOrientations_iPad = "UIInterfaceOrientationPortrait UIInterfaceOrientationPortraitUpsideDown UIInterfaceOrientationLandscapeLeft UIInterfaceOrientationLandscapeRight";
				INFOPLIST_KEY_UISupportedInterfaceOrientations_iPhone = "UIInterfaceOrientationPortrait UIInterfaceOrientationLandscapeLeft UIInterfaceOrientationLandscapeRight";
				LD_RUNPATH_SEARCH_PATHS = (
					"$(inherited)",
					"@executable_path/Frameworks",
				);
				MARKETING_VERSION = 1.0;
				PRODUCT_BUNDLE_IDENTIFIER = "com.tomashrncir.OAKS-s-lab-LockScreen-Widget";
				PRODUCT_NAME = "$(TARGET_NAME)";
				SWIFT_EMIT_LOC_STRINGS = YES;
				SWIFT_VERSION = 5.0;
				TARGETED_DEVICE_FAMILY = "1,2";
			};
			name = Release;
		};
		E2997BAD29CB41ED008530A1 /* Debug */ = {
			isa = XCBuildConfiguration;
			buildSettings = {
				ASSETCATALOG_COMPILER_GLOBAL_ACCENT_COLOR_NAME = AccentColor;
				ASSETCATALOG_COMPILER_WIDGET_BACKGROUND_COLOR_NAME = WidgetBackground;
				CODE_SIGN_STYLE = Automatic;
				CURRENT_PROJECT_VERSION = 1;
				DEVELOPMENT_TEAM = 3T86NHD7J5;
				GENERATE_INFOPLIST_FILE = YES;
				INFOPLIST_FILE = "Lockscreen Widgets/Info.plist";
				INFOPLIST_KEY_CFBundleDisplayName = "Lockscreen Widgets";
				INFOPLIST_KEY_NSHumanReadableCopyright = "";
				LD_RUNPATH_SEARCH_PATHS = (
					"$(inherited)",
					"@executable_path/Frameworks",
					"@executable_path/../../Frameworks",
				);
				MARKETING_VERSION = 1.0;
				PRODUCT_BUNDLE_IDENTIFIER = "com.tomashrncir.OAKS-s-lab-LockScreen-Widget.Lockscreen-Widgets";
				PRODUCT_NAME = "$(TARGET_NAME)";
				SKIP_INSTALL = YES;
				SWIFT_EMIT_LOC_STRINGS = YES;
				SWIFT_VERSION = 5.0;
				TARGETED_DEVICE_FAMILY = "1,2";
			};
			name = Debug;
		};
		E2997BAE29CB41ED008530A1 /* Release */ = {
			isa = XCBuildConfiguration;
			buildSettings = {
				ASSETCATALOG_COMPILER_GLOBAL_ACCENT_COLOR_NAME = AccentColor;
				ASSETCATALOG_COMPILER_WIDGET_BACKGROUND_COLOR_NAME = WidgetBackground;
				CODE_SIGN_STYLE = Automatic;
				CURRENT_PROJECT_VERSION = 1;
				DEVELOPMENT_TEAM = 3T86NHD7J5;
				GENERATE_INFOPLIST_FILE = YES;
				INFOPLIST_FILE = "Lockscreen Widgets/Info.plist";
				INFOPLIST_KEY_CFBundleDisplayName = "Lockscreen Widgets";
				INFOPLIST_KEY_NSHumanReadableCopyright = "";
				LD_RUNPATH_SEARCH_PATHS = (
					"$(inherited)",
					"@executable_path/Frameworks",
					"@executable_path/../../Frameworks",
				);
				MARKETING_VERSION = 1.0;
				PRODUCT_BUNDLE_IDENTIFIER = "com.tomashrncir.OAKS-s-lab-LockScreen-Widget.Lockscreen-Widgets";
				PRODUCT_NAME = "$(TARGET_NAME)";
				SKIP_INSTALL = YES;
				SWIFT_EMIT_LOC_STRINGS = YES;
				SWIFT_VERSION = 5.0;
				TARGETED_DEVICE_FAMILY = "1,2";
			};
			name = Release;
		};
/* End XCBuildConfiguration section */

/* Begin XCConfigurationList section */
		E2997B7F29CB4029008530A1 /* Build configuration list for PBXProject "OAKS's lab LockScreen Widget" */ = {
			isa = XCConfigurationList;
			buildConfigurations = (
				E2997B9029CB402A008530A1 /* Debug */,
				E2997B9129CB402A008530A1 /* Release */,
			);
			defaultConfigurationIsVisible = 0;
			defaultConfigurationName = Release;
		};
		E2997B9229CB402A008530A1 /* Build configuration list for PBXNativeTarget "OAKS's lab LockScreen Widget" */ = {
			isa = XCConfigurationList;
			buildConfigurations = (
				E2997B9329CB402A008530A1 /* Debug */,
				E2997B9429CB402A008530A1 /* Release */,
			);
			defaultConfigurationIsVisible = 0;
			defaultConfigurationName = Release;
		};
		E2997BAC29CB41ED008530A1 /* Build configuration list for PBXNativeTarget "Lockscreen WidgetsExtension" */ = {
			isa = XCConfigurationList;
			buildConfigurations = (
				E2997BAD29CB41ED008530A1 /* Debug */,
				E2997BAE29CB41ED008530A1 /* Release */,
			);
			defaultConfigurationIsVisible = 0;
			defaultConfigurationName = Release;
		};
/* End XCConfigurationList section */
	};
	rootObject = E2997B7C29CB4029008530A1 /* Project object */;
}
